// !$*UTF8*$!
{
	archiveVersion = 1;
	classes = {
	};
	objectVersion = 50;
	objects = {

/* Begin PBXBuildFile section */
		272489D826C5764D006052A1 /* AppDelegate.swift in Sources */ = {isa = PBXBuildFile; fileRef = 272489D726C5764D006052A1 /* AppDelegate.swift */; };
		272489DA26C5764D006052A1 /* SceneDelegate.swift in Sources */ = {isa = PBXBuildFile; fileRef = 272489D926C5764D006052A1 /* SceneDelegate.swift */; };
		272489DC26C5764D006052A1 /* ViewController.swift in Sources */ = {isa = PBXBuildFile; fileRef = 272489DB26C5764D006052A1 /* ViewController.swift */; };
		272489DF26C5764D006052A1 /* Main.storyboard in Resources */ = {isa = PBXBuildFile; fileRef = 272489DD26C5764D006052A1 /* Main.storyboard */; };
		272489E126C57650006052A1 /* Assets.xcassets in Resources */ = {isa = PBXBuildFile; fileRef = 272489E026C57650006052A1 /* Assets.xcassets */; };
		272489E426C57650006052A1 /* LaunchScreen.storyboard in Resources */ = {isa = PBXBuildFile; fileRef = 272489E226C57650006052A1 /* LaunchScreen.storyboard */; };
		272489EF26C57651006052A1 /* PreWork2Tests.swift in Sources */ = {isa = PBXBuildFile; fileRef = 272489EE26C57651006052A1 /* PreWork2Tests.swift */; };
		272489FA26C57651006052A1 /* PreWork2UITests.swift in Sources */ = {isa = PBXBuildFile; fileRef = 272489F926C57651006052A1 /* PreWork2UITests.swift */; };
/* End PBXBuildFile section */

/* Begin PBXContainerItemProxy section */
		272489EB26C57651006052A1 /* PBXContainerItemProxy */ = {
			isa = PBXContainerItemProxy;
			containerPortal = 272489CC26C5764D006052A1 /* Project object */;
			proxyType = 1;
			remoteGlobalIDString = 272489D326C5764D006052A1;
			remoteInfo = PreWork2;
		};
		272489F626C57651006052A1 /* PBXContainerItemProxy */ = {
			isa = PBXContainerItemProxy;
			containerPortal = 272489CC26C5764D006052A1 /* Project object */;
			proxyType = 1;
			remoteGlobalIDString = 272489D326C5764D006052A1;
			remoteInfo = PreWork2;
		};
/* End PBXContainerItemProxy section */

/* Begin PBXFileReference section */
		272489D426C5764D006052A1 /* PreWork2.app */ = {isa = PBXFileReference; explicitFileType = wrapper.application; includeInIndex = 0; path = PreWork2.app; sourceTree = BUILT_PRODUCTS_DIR; };
		272489D726C5764D006052A1 /* AppDelegate.swift */ = {isa = PBXFileReference; lastKnownFileType = sourcecode.swift; path = AppDelegate.swift; sourceTree = "<group>"; };
		272489D926C5764D006052A1 /* SceneDelegate.swift */ = {isa = PBXFileReference; lastKnownFileType = sourcecode.swift; path = SceneDelegate.swift; sourceTree = "<group>"; };
		272489DB26C5764D006052A1 /* ViewController.swift */ = {isa = PBXFileReference; lastKnownFileType = sourcecode.swift; path = ViewController.swift; sourceTree = "<group>"; };
		272489DE26C5764D006052A1 /* Base */ = {isa = PBXFileReference; lastKnownFileType = file.storyboard; name = Base; path = Base.lproj/Main.storyboard; sourceTree = "<group>"; };
		272489E026C57650006052A1 /* Assets.xcassets */ = {isa = PBXFileReference; lastKnownFileType = folder.assetcatalog; path = Assets.xcassets; sourceTree = "<group>"; };
		272489E326C57650006052A1 /* Base */ = {isa = PBXFileReference; lastKnownFileType = file.storyboard; name = Base; path = Base.lproj/LaunchScreen.storyboard; sourceTree = "<group>"; };
		272489E526C57650006052A1 /* Info.plist */ = {isa = PBXFileReference; lastKnownFileType = text.plist.xml; path = Info.plist; sourceTree = "<group>"; };
		272489EA26C57651006052A1 /* PreWork2Tests.xctest */ = {isa = PBXFileReference; explicitFileType = wrapper.cfbundle; includeInIndex = 0; path = PreWork2Tests.xctest; sourceTree = BUILT_PRODUCTS_DIR; };
		272489EE26C57651006052A1 /* PreWork2Tests.swift */ = {isa = PBXFileReference; lastKnownFileType = sourcecode.swift; path = PreWork2Tests.swift; sourceTree = "<group>"; };
		272489F026C57651006052A1 /* Info.plist */ = {isa = PBXFileReference; lastKnownFileType = text.plist.xml; path = Info.plist; sourceTree = "<group>"; };
		272489F526C57651006052A1 /* PreWork2UITests.xctest */ = {isa = PBXFileReference; explicitFileType = wrapper.cfbundle; includeInIndex = 0; path = PreWork2UITests.xctest; sourceTree = BUILT_PRODUCTS_DIR; };
		272489F926C57651006052A1 /* PreWork2UITests.swift */ = {isa = PBXFileReference; lastKnownFileType = sourcecode.swift; path = PreWork2UITests.swift; sourceTree = "<group>"; };
		272489FB26C57651006052A1 /* Info.plist */ = {isa = PBXFileReference; lastKnownFileType = text.plist.xml; path = Info.plist; sourceTree = "<group>"; };
/* End PBXFileReference section */

/* Begin PBXFrameworksBuildPhase section */
		272489D126C5764D006052A1 /* Frameworks */ = {
			isa = PBXFrameworksBuildPhase;
			buildActionMask = 2147483647;
			files = (
			);
			runOnlyForDeploymentPostprocessing = 0;
		};
		272489E726C57651006052A1 /* Frameworks */ = {
			isa = PBXFrameworksBuildPhase;
			buildActionMask = 2147483647;
			files = (
			);
			runOnlyForDeploymentPostprocessing = 0;
		};
		272489F226C57651006052A1 /* Frameworks */ = {
			isa = PBXFrameworksBuildPhase;
			buildActionMask = 2147483647;
			files = (
			);
			runOnlyForDeploymentPostprocessing = 0;
		};
/* End PBXFrameworksBuildPhase section */

/* Begin PBXGroup section */
		272489CB26C5764D006052A1 = {
			isa = PBXGroup;
			children = (
				272489D626C5764D006052A1 /* PreWork2 */,
				272489ED26C57651006052A1 /* PreWork2Tests */,
				272489F826C57651006052A1 /* PreWork2UITests */,
				272489D526C5764D006052A1 /* Products */,
			);
			sourceTree = "<group>";
		};
		272489D526C5764D006052A1 /* Products */ = {
			isa = PBXGroup;
			children = (
				272489D426C5764D006052A1 /* PreWork2.app */,
				272489EA26C57651006052A1 /* PreWork2Tests.xctest */,
				272489F526C57651006052A1 /* PreWork2UITests.xctest */,
			);
			name = Products;
			sourceTree = "<group>";
		};
		272489D626C5764D006052A1 /* PreWork2 */ = {
			isa = PBXGroup;
			children = (
				272489D726C5764D006052A1 /* AppDelegate.swift */,
				272489D926C5764D006052A1 /* SceneDelegate.swift */,
				272489DB26C5764D006052A1 /* ViewController.swift */,
				272489DD26C5764D006052A1 /* Main.storyboard */,
				272489E026C57650006052A1 /* Assets.xcassets */,
				272489E226C57650006052A1 /* LaunchScreen.storyboard */,
				272489E526C57650006052A1 /* Info.plist */,
			);
			path = PreWork2;
			sourceTree = "<group>";
		};
		272489ED26C57651006052A1 /* PreWork2Tests */ = {
			isa = PBXGroup;
			children = (
				272489EE26C57651006052A1 /* PreWork2Tests.swift */,
				272489F026C57651006052A1 /* Info.plist */,
			);
			path = PreWork2Tests;
			sourceTree = "<group>";
		};
		272489F826C57651006052A1 /* PreWork2UITests */ = {
			isa = PBXGroup;
			children = (
				272489F926C57651006052A1 /* PreWork2UITests.swift */,
				272489FB26C57651006052A1 /* Info.plist */,
			);
			path = PreWork2UITests;
			sourceTree = "<group>";
		};
/* End PBXGroup section */

/* Begin PBXNativeTarget section */
		272489D326C5764D006052A1 /* PreWork2 */ = {
			isa = PBXNativeTarget;
			buildConfigurationList = 272489FE26C57651006052A1 /* Build configuration list for PBXNativeTarget "PreWork2" */;
			buildPhases = (
				272489D026C5764D006052A1 /* Sources */,
				272489D126C5764D006052A1 /* Frameworks */,
				272489D226C5764D006052A1 /* Resources */,
			);
			buildRules = (
			);
			dependencies = (
			);
			name = PreWork2;
			productName = PreWork2;
			productReference = 272489D426C5764D006052A1 /* PreWork2.app */;
			productType = "com.apple.product-type.application";
		};
		272489E926C57651006052A1 /* PreWork2Tests */ = {
			isa = PBXNativeTarget;
			buildConfigurationList = 27248A0126C57651006052A1 /* Build configuration list for PBXNativeTarget "PreWork2Tests" */;
			buildPhases = (
				272489E626C57651006052A1 /* Sources */,
				272489E726C57651006052A1 /* Frameworks */,
				272489E826C57651006052A1 /* Resources */,
			);
			buildRules = (
			);
			dependencies = (
				272489EC26C57651006052A1 /* PBXTargetDependency */,
			);
			name = PreWork2Tests;
			productName = PreWork2Tests;
			productReference = 272489EA26C57651006052A1 /* PreWork2Tests.xctest */;
			productType = "com.apple.product-type.bundle.unit-test";
		};
		272489F426C57651006052A1 /* PreWork2UITests */ = {
			isa = PBXNativeTarget;
			buildConfigurationList = 27248A0426C57651006052A1 /* Build configuration list for PBXNativeTarget "PreWork2UITests" */;
			buildPhases = (
				272489F126C57651006052A1 /* Sources */,
				272489F226C57651006052A1 /* Frameworks */,
				272489F326C57651006052A1 /* Resources */,
			);
			buildRules = (
			);
			dependencies = (
				272489F726C57651006052A1 /* PBXTargetDependency */,
			);
			name = PreWork2UITests;
			productName = PreWork2UITests;
			productReference = 272489F526C57651006052A1 /* PreWork2UITests.xctest */;
			productType = "com.apple.product-type.bundle.ui-testing";
		};
/* End PBXNativeTarget section */

/* Begin PBXProject section */
		272489CC26C5764D006052A1 /* Project object */ = {
			isa = PBXProject;
			attributes = {
				LastSwiftUpdateCheck = 1250;
				LastUpgradeCheck = 1250;
				TargetAttributes = {
					272489D326C5764D006052A1 = {
						CreatedOnToolsVersion = 12.5.1;
					};
					272489E926C57651006052A1 = {
						CreatedOnToolsVersion = 12.5.1;
						TestTargetID = 272489D326C5764D006052A1;
					};
					272489F426C57651006052A1 = {
						CreatedOnToolsVersion = 12.5.1;
						TestTargetID = 272489D326C5764D006052A1;
					};
				};
			};
			buildConfigurationList = 272489CF26C5764D006052A1 /* Build configuration list for PBXProject "PreWork2" */;
			compatibilityVersion = "Xcode 9.3";
			developmentRegion = en;
			hasScannedForEncodings = 0;
			knownRegions = (
				en,
				Base,
			);
			mainGroup = 272489CB26C5764D006052A1;
			productRefGroup = 272489D526C5764D006052A1 /* Products */;
			projectDirPath = "";
			projectRoot = "";
			targets = (
				272489D326C5764D006052A1 /* PreWork2 */,
				272489E926C57651006052A1 /* PreWork2Tests */,
				272489F426C57651006052A1 /* PreWork2UITests */,
			);
		};
/* End PBXProject section */

/* Begin PBXResourcesBuildPhase section */
		272489D226C5764D006052A1 /* Resources */ = {
			isa = PBXResourcesBuildPhase;
			buildActionMask = 2147483647;
			files = (
				272489E426C57650006052A1 /* LaunchScreen.storyboard in Resources */,
				272489E126C57650006052A1 /* Assets.xcassets in Resources */,
				272489DF26C5764D006052A1 /* Main.storyboard in Resources */,
			);
			runOnlyForDeploymentPostprocessing = 0;
		};
		272489E826C57651006052A1 /* Resources */ = {
			isa = PBXResourcesBuildPhase;
			buildActionMask = 2147483647;
			files = (
			);
			runOnlyForDeploymentPostprocessing = 0;
		};
		272489F326C57651006052A1 /* Resources */ = {
			isa = PBXResourcesBuildPhase;
			buildActionMask = 2147483647;
			files = (
			);
			runOnlyForDeploymentPostprocessing = 0;
		};
/* End PBXResourcesBuildPhase section */

/* Begin PBXSourcesBuildPhase section */
		272489D026C5764D006052A1 /* Sources */ = {
			isa = PBXSourcesBuildPhase;
			buildActionMask = 2147483647;
			files = (
				272489DC26C5764D006052A1 /* ViewController.swift in Sources */,
				272489D826C5764D006052A1 /* AppDelegate.swift in Sources */,
				272489DA26C5764D006052A1 /* SceneDelegate.swift in Sources */,
			);
			runOnlyForDeploymentPostprocessing = 0;
		};
		272489E626C57651006052A1 /* Sources */ = {
			isa = PBXSourcesBuildPhase;
			buildActionMask = 2147483647;
			files = (
				272489EF26C57651006052A1 /* PreWork2Tests.swift in Sources */,
			);
			runOnlyForDeploymentPostprocessing = 0;
		};
		272489F126C57651006052A1 /* Sources */ = {
			isa = PBXSourcesBuildPhase;
			buildActionMask = 2147483647;
			files = (
				272489FA26C57651006052A1 /* PreWork2UITests.swift in Sources */,
			);
			runOnlyForDeploymentPostprocessing = 0;
		};
/* End PBXSourcesBuildPhase section */

/* Begin PBXTargetDependency section */
		272489EC26C57651006052A1 /* PBXTargetDependency */ = {
			isa = PBXTargetDependency;
			target = 272489D326C5764D006052A1 /* PreWork2 */;
			targetProxy = 272489EB26C57651006052A1 /* PBXContainerItemProxy */;
		};
		272489F726C57651006052A1 /* PBXTargetDependency */ = {
			isa = PBXTargetDependency;
			target = 272489D326C5764D006052A1 /* PreWork2 */;
			targetProxy = 272489F626C57651006052A1 /* PBXContainerItemProxy */;
		};
/* End PBXTargetDependency section */

/* Begin PBXVariantGroup section */
		272489DD26C5764D006052A1 /* Main.storyboard */ = {
			isa = PBXVariantGroup;
			children = (
				272489DE26C5764D006052A1 /* Base */,
			);
			name = Main.storyboard;
			sourceTree = "<group>";
		};
		272489E226C57650006052A1 /* LaunchScreen.storyboard */ = {
			isa = PBXVariantGroup;
			children = (
				272489E326C57650006052A1 /* Base */,
			);
			name = LaunchScreen.storyboard;
			sourceTree = "<group>";
		};
/* End PBXVariantGroup section */

/* Begin XCBuildConfiguration section */
		272489FC26C57651006052A1 /* Debug */ = {
			isa = XCBuildConfiguration;
			buildSettings = {
				ALWAYS_SEARCH_USER_PATHS = NO;
				CLANG_ANALYZER_NONNULL = YES;
				CLANG_ANALYZER_NUMBER_OBJECT_CONVERSION = YES_AGGRESSIVE;
				CLANG_CXX_LANGUAGE_STANDARD = "gnu++14";
				CLANG_CXX_LIBRARY = "libc++";
				CLANG_ENABLE_MODULES = YES;
				CLANG_ENABLE_OBJC_ARC = YES;
				CLANG_ENABLE_OBJC_WEAK = YES;
				CLANG_WARN_BLOCK_CAPTURE_AUTORELEASING = YES;
				CLANG_WARN_BOOL_CONVERSION = YES;
				CLANG_WARN_COMMA = YES;
				CLANG_WARN_CONSTANT_CONVERSION = YES;
				CLANG_WARN_DEPRECATED_OBJC_IMPLEMENTATIONS = YES;
				CLANG_WARN_DIRECT_OBJC_ISA_USAGE = YES_ERROR;
				CLANG_WARN_DOCUMENTATION_COMMENTS = YES;
				CLANG_WARN_EMPTY_BODY = YES;
				CLANG_WARN_ENUM_CONVERSION = YES;
				CLANG_WARN_INFINITE_RECURSION = YES;
				CLANG_WARN_INT_CONVERSION = YES;
				CLANG_WARN_NON_LITERAL_NULL_CONVERSION = YES;
				CLANG_WARN_OBJC_IMPLICIT_RETAIN_SELF = YES;
				CLANG_WARN_OBJC_LITERAL_CONVERSION = YES;
				CLANG_WARN_OBJC_ROOT_CLASS = YES_ERROR;
				CLANG_WARN_QUOTED_INCLUDE_IN_FRAMEWORK_HEADER = YES;
				CLANG_WARN_RANGE_LOOP_ANALYSIS = YES;
				CLANG_WARN_STRICT_PROTOTYPES = YES;
				CLANG_WARN_SUSPICIOUS_MOVE = YES;
				CLANG_WARN_UNGUARDED_AVAILABILITY = YES_AGGRESSIVE;
				CLANG_WARN_UNREACHABLE_CODE = YES;
				CLANG_WARN__DUPLICATE_METHOD_MATCH = YES;
				COPY_PHASE_STRIP = NO;
				DEBUG_INFORMATION_FORMAT = dwarf;
				ENABLE_STRICT_OBJC_MSGSEND = YES;
				ENABLE_TESTABILITY = YES;
				GCC_C_LANGUAGE_STANDARD = gnu11;
				GCC_DYNAMIC_NO_PIC = NO;
				GCC_NO_COMMON_BLOCKS = YES;
				GCC_OPTIMIZATION_LEVEL = 0;
				GCC_PREPROCESSOR_DEFINITIONS = (
					"DEBUG=1",
					"$(inherited)",
				);
				GCC_WARN_64_TO_32_BIT_CONVERSION = YES;
				GCC_WARN_ABOUT_RETURN_TYPE = YES_ERROR;
				GCC_WARN_UNDECLARED_SELECTOR = YES;
				GCC_WARN_UNINITIALIZED_AUTOS = YES_AGGRESSIVE;
				GCC_WARN_UNUSED_FUNCTION = YES;
				GCC_WARN_UNUSED_VARIABLE = YES;
				IPHONEOS_DEPLOYMENT_TARGET = 14.5;
				MTL_ENABLE_DEBUG_INFO = INCLUDE_SOURCE;
				MTL_FAST_MATH = YES;
				ONLY_ACTIVE_ARCH = YES;
				SDKROOT = iphoneos;
				SWIFT_ACTIVE_COMPILATION_CONDITIONS = DEBUG;
				SWIFT_OPTIMIZATION_LEVEL = "-Onone";
			};
			name = Debug;
		};
		272489FD26C57651006052A1 /* Release */ = {
			isa = XCBuildConfiguration;
			buildSettings = {
				ALWAYS_SEARCH_USER_PATHS = NO;
				CLANG_ANALYZER_NONNULL = YES;
				CLANG_ANALYZER_NUMBER_OBJECT_CONVERSION = YES_AGGRESSIVE;
				CLANG_CXX_LANGUAGE_STANDARD = "gnu++14";
				CLANG_CXX_LIBRARY = "libc++";
				CLANG_ENABLE_MODULES = YES;
				CLANG_ENABLE_OBJC_ARC = YES;
				CLANG_ENABLE_OBJC_WEAK = YES;
				CLANG_WARN_BLOCK_CAPTURE_AUTORELEASING = YES;
				CLANG_WARN_BOOL_CONVERSION = YES;
				CLANG_WARN_COMMA = YES;
				CLANG_WARN_CONSTANT_CONVERSION = YES;
				CLANG_WARN_DEPRECATED_OBJC_IMPLEMENTATIONS = YES;
				CLANG_WARN_DIRECT_OBJC_ISA_USAGE = YES_ERROR;
				CLANG_WARN_DOCUMENTATION_COMMENTS = YES;
				CLANG_WARN_EMPTY_BODY = YES;
				CLANG_WARN_ENUM_CONVERSION = YES;
				CLANG_WARN_INFINITE_RECURSION = YES;
				CLANG_WARN_INT_CONVERSION = YES;
				CLANG_WARN_NON_LITERAL_NULL_CONVERSION = YES;
				CLANG_WARN_OBJC_IMPLICIT_RETAIN_SELF = YES;
				CLANG_WARN_OBJC_LITERAL_CONVERSION = YES;
				CLANG_WARN_OBJC_ROOT_CLASS = YES_ERROR;
				CLANG_WARN_QUOTED_INCLUDE_IN_FRAMEWORK_HEADER = YES;
				CLANG_WARN_RANGE_LOOP_ANALYSIS = YES;
				CLANG_WARN_STRICT_PROTOTYPES = YES;
				CLANG_WARN_SUSPICIOUS_MOVE = YES;
				CLANG_WARN_UNGUARDED_AVAILABILITY = YES_AGGRESSIVE;
				CLANG_WARN_UNREACHABLE_CODE = YES;
				CLANG_WARN__DUPLICATE_METHOD_MATCH = YES;
				COPY_PHASE_STRIP = NO;
				DEBUG_INFORMATION_FORMAT = "dwarf-with-dsym";
				ENABLE_NS_ASSERTIONS = NO;
				ENABLE_STRICT_OBJC_MSGSEND = YES;
				GCC_C_LANGUAGE_STANDARD = gnu11;
				GCC_NO_COMMON_BLOCKS = YES;
				GCC_WARN_64_TO_32_BIT_CONVERSION = YES;
				GCC_WARN_ABOUT_RETURN_TYPE = YES_ERROR;
				GCC_WARN_UNDECLARED_SELECTOR = YES;
				GCC_WARN_UNINITIALIZED_AUTOS = YES_AGGRESSIVE;
				GCC_WARN_UNUSED_FUNCTION = YES;
				GCC_WARN_UNUSED_VARIABLE = YES;
				IPHONEOS_DEPLOYMENT_TARGET = 14.5;
				MTL_ENABLE_DEBUG_INFO = NO;
				MTL_FAST_MATH = YES;
				SDKROOT = iphoneos;
				SWIFT_COMPILATION_MODE = wholemodule;
				SWIFT_OPTIMIZATION_LEVEL = "-O";
				VALIDATE_PRODUCT = YES;
			};
			name = Release;
		};
		272489FF26C57651006052A1 /* Debug */ = {
			isa = XCBuildConfiguration;
			buildSettings = {
				ASSETCATALOG_COMPILER_APPICON_NAME = AppIcon;
				ASSETCATALOG_COMPILER_GLOBAL_ACCENT_COLOR_NAME = AccentColor;
				CODE_SIGN_STYLE = Automatic;
				INFOPLIST_FILE = PreWork2/Info.plist;
				LD_RUNPATH_SEARCH_PATHS = (
					"$(inherited)",
					"@executable_path/Frameworks",
				);
				PRODUCT_BUNDLE_IDENTIFIER = CodePath.PreWork2;
				PRODUCT_NAME = "$(TARGET_NAME)";
				SWIFT_VERSION = 5.0;
				TARGETED_DEVICE_FAMILY = "1,2";
			};
			name = Debug;
		};
		27248A0026C57651006052A1 /* Release */ = {
			isa = XCBuildConfiguration;
			buildSettings = {
				ASSETCATALOG_COMPILER_APPICON_NAME = AppIcon;
				ASSETCATALOG_COMPILER_GLOBAL_ACCENT_COLOR_NAME = AccentColor;
				CODE_SIGN_STYLE = Automatic;
				INFOPLIST_FILE = PreWork2/Info.plist;
				LD_RUNPATH_SEARCH_PATHS = (
					"$(inherited)",
					"@executable_path/Frameworks",
				);
				PRODUCT_BUNDLE_IDENTIFIER = CodePath.PreWork2;
				PRODUCT_NAME = "$(TARGET_NAME)";
				SWIFT_VERSION = 5.0;
				TARGETED_DEVICE_FAMILY = "1,2";
			};
			name = Release;
		};
		27248A0226C57651006052A1 /* Debug */ = {
			isa = XCBuildConfiguration;
			buildSettings = {
				ALWAYS_EMBED_SWIFT_STANDARD_LIBRARIES = YES;
				BUNDLE_LOADER = "$(TEST_HOST)";
				CODE_SIGN_STYLE = Automatic;
				INFOPLIST_FILE = PreWork2Tests/Info.plist;
				IPHONEOS_DEPLOYMENT_TARGET = 14.5;
				LD_RUNPATH_SEARCH_PATHS = (
					"$(inherited)",
					"@executable_path/Frameworks",
					"@loader_path/Frameworks",
				);
				PRODUCT_BUNDLE_IDENTIFIER = CodePath.PreWork2Tests;
				PRODUCT_NAME = "$(TARGET_NAME)";
				SWIFT_VERSION = 5.0;
				TARGETED_DEVICE_FAMILY = "1,2";
				TEST_HOST = "$(BUILT_PRODUCTS_DIR)/PreWork2.app/PreWork2";
			};
			name = Debug;
		};
		27248A0326C57651006052A1 /* Release */ = {
			isa = XCBuildConfiguration;
			buildSettings = {
				ALWAYS_EMBED_SWIFT_STANDARD_LIBRARIES = YES;
				BUNDLE_LOADER = "$(TEST_HOST)";
				CODE_SIGN_STYLE = Automatic;
				INFOPLIST_FILE = PreWork2Tests/Info.plist;
				IPHONEOS_DEPLOYMENT_TARGET = 14.5;
				LD_RUNPATH_SEARCH_PATHS = (
					"$(inherited)",
					"@executable_path/Frameworks",
					"@loader_path/Frameworks",
				);
				PRODUCT_BUNDLE_IDENTIFIER = CodePath.PreWork2Tests;
				PRODUCT_NAME = "$(TARGET_NAME)";
				SWIFT_VERSION = 5.0;
				TARGETED_DEVICE_FAMILY = "1,2";
				TEST_HOST = "$(BUILT_PRODUCTS_DIR)/PreWork2.app/PreWork2";
			};
			name = Release;
		};
		27248A0526C57651006052A1 /* Debug */ = {
			isa = XCBuildConfiguration;
			buildSettings = {
				ALWAYS_EMBED_SWIFT_STANDARD_LIBRARIES = YES;
				CODE_SIGN_STYLE = Automatic;
				INFOPLIST_FILE = PreWork2UITests/Info.plist;
				LD_RUNPATH_SEARCH_PATHS = (
					"$(inherited)",
					"@executable_path/Frameworks",
					"@loader_path/Frameworks",
				);
				PRODUCT_BUNDLE_IDENTIFIER = CodePath.PreWork2UITests;
				PRODUCT_NAME = "$(TARGET_NAME)";
				SWIFT_VERSION = 5.0;
				TARGETED_DEVICE_FAMILY = "1,2";
				TEST_TARGET_NAME = PreWork2;
			};
			name = Debug;
		};
		27248A0626C57651006052A1 /* Release */ = {
			isa = XCBuildConfiguration;
			buildSettings = {
				ALWAYS_EMBED_SWIFT_STANDARD_LIBRARIES = YES;
				CODE_SIGN_STYLE = Automatic;
				INFOPLIST_FILE = PreWork2UITests/Info.plist;
				LD_RUNPATH_SEARCH_PATHS = (
					"$(inherited)",
					"@executable_path/Frameworks",
					"@loader_path/Frameworks",
				);
				PRODUCT_BUNDLE_IDENTIFIER = CodePath.PreWork2UITests;
				PRODUCT_NAME = "$(TARGET_NAME)";
				SWIFT_VERSION = 5.0;
				TARGETED_DEVICE_FAMILY = "1,2";
				TEST_TARGET_NAME = PreWork2;
			};
			name = Release;
		};
/* End XCBuildConfiguration section */

/* Begin XCConfigurationList section */
		272489CF26C5764D006052A1 /* Build configuration list for PBXProject "PreWork2" */ = {
			isa = XCConfigurationList;
			buildConfigurations = (
				272489FC26C57651006052A1 /* Debug */,
				272489FD26C57651006052A1 /* Release */,
			);
			defaultConfigurationIsVisible = 0;
			defaultConfigurationName = Release;
		};
		272489FE26C57651006052A1 /* Build configuration list for PBXNativeTarget "PreWork2" */ = {
			isa = XCConfigurationList;
			buildConfigurations = (
				272489FF26C57651006052A1 /* Debug */,
				27248A0026C57651006052A1 /* Release */,
			);
			defaultConfigurationIsVisible = 0;
			defaultConfigurationName = Release;
		};
		27248A0126C57651006052A1 /* Build configuration list for PBXNativeTarget "PreWork2Tests" */ = {
			isa = XCConfigurationList;
			buildConfigurations = (
				27248A0226C57651006052A1 /* Debug */,
				27248A0326C57651006052A1 /* Release */,
			);
			defaultConfigurationIsVisible = 0;
			defaultConfigurationName = Release;
		};
		27248A0426C57651006052A1 /* Build configuration list for PBXNativeTarget "PreWork2UITests" */ = {
			isa = XCConfigurationList;
			buildConfigurations = (
				27248A0526C57651006052A1 /* Debug */,
				27248A0626C57651006052A1 /* Release */,
			);
			defaultConfigurationIsVisible = 0;
			defaultConfigurationName = Release;
		};
/* End XCConfigurationList section */
	};
	rootObject = 272489CC26C5764D006052A1 /* Project object */;
}
